
Microsoft Visual Studio Solution File, Format Version 12.00
# Visual Studio Version 17
VisualStudioVersion = 17.6.33723.286
MinimumVisualStudioVersion = 10.0.40219.1
Project("{9A19103F-16F7-4668-BE54-9A1E7A4F7556}") = "Dominio", "Dominio\Dominio.csproj", "{C010BC60-7106-4D45-A97E-78B34FEB0E97}"
EndProject
Project("{9A19103F-16F7-4668-BE54-9A1E7A4F7556}") = "Teste", "Teste\Teste.csproj", "{84FF0886-8B13-4F12-B047-59ED56BE9A86}"
	ProjectSection(ProjectDependencies) = postProject
		{C010BC60-7106-4D45-A97E-78B34FEB0E97} = {C010BC60-7106-4D45-A97E-78B34FEB0E97}
	EndProjectSection
EndProject
Project("{2150E333-8FDC-42A3-9474-1A3956D46DE8}") = "NewFolder1", "NewFolder1", "{A0BFB009-267A-4B5E-9187-B7BBA09F2C0E}"
EndProject
Global
	GlobalSection(SolutionConfigurationPlatforms) = preSolution
		Debug|Any CPU = Debug|Any CPU
		Release|Any CPU = Release|Any CPU
	EndGlobalSection
	GlobalSection(ProjectConfigurationPlatforms) = postSolution
		{C010BC60-7106-4D45-A97E-78B34FEB0E97}.Debug|Any CPU.ActiveCfg = Debug|Any CPU
		{C010BC60-7106-4D45-A97E-78B34FEB0E97}.Debug|Any CPU.Build.0 = Debug|Any CPU
		{C010BC60-7106-4D45-A97E-78B34FEB0E97}.Release|Any CPU.ActiveCfg = Release|Any CPU
		{C010BC60-7106-4D45-A97E-78B34FEB0E97}.Release|Any CPU.Build.0 = Release|Any CPU
		{84FF0886-8B13-4F12-B047-59ED56BE9A86}.Debug|Any CPU.ActiveCfg = Debug|Any CPU
		{84FF0886-8B13-4F12-B047-59ED56BE9A86}.Debug|Any CPU.Build.0 = Debug|Any CPU
		{84FF0886-8B13-4F12-B047-59ED56BE9A86}.Release|Any CPU.ActiveCfg = Release|Any CPU
		{84FF0886-8B13-4F12-B047-59ED56BE9A86}.Release|Any CPU.Build.0 = Release|Any CPU
	EndGlobalSection
	GlobalSection(SolutionProperties) = preSolution
		HideSolutionNode = FALSE
	EndGlobalSection
	GlobalSection(ExtensibilityGlobals) = postSolution
		SolutionGuid = {CCDEC38E-B9FE-40E1-BABF-9B9FD4019851}
	EndGlobalSection
EndGlobal
